{
	"name": "typescript-minimal",
	"version": "2.8.0-dev",
	"lockfileVersion": 3,
	"requires": true,
	"packages": {
		"": {
			"name": "typescript-minimal",
			"version": "2.8.0-dev",
			"devDependencies": {
				"@loadable/component": "^5.15.3",
				"@tanstack/react-query": "^4.28.0",
				"@types/react": "^17.0.53",
				"@types/react-dom": "^17.0.19",
				"react": "^17.0.2",
				"react-dom": "^17.0.2",
				"react-helmet": "^6.1.0",
				"react-router-dom": "^5.3.4"
			},
			"engines": {
				"node": "^14.0.0 || ^16.0.0 || ^18.0.0",
				"npm": "^6.14.4 || ^7.0.0 || ^8.0.0 || ^9.0.0"
			}
		},
		"../pwa-kit-dev/dist": {
			"name": "pwa-kit-dev",
			"version": "2.8.0-dev.0",
			"extraneous": true,
			"license": "SEE LICENSE IN LICENSE",
			"dependencies": {
				"@babel/cli": "^7.4.4",
				"@babel/core": "^7.4.5",
				"@babel/parser": "^7.5.5",
				"@babel/plugin-proposal-object-rest-spread": "^7.4.4",
				"@babel/plugin-transform-async-to-generator": "^7.7.0",
				"@babel/plugin-transform-modules-commonjs": "^7.4.4",
				"@babel/plugin-transform-object-assign": "^7.2.0",
				"@babel/plugin-transform-runtime": "^7.6.2",
				"@babel/preset-env": "^7.4.5",
				"@babel/preset-react": "^7.0.0",
				"@babel/preset-typescript": "^7.16.0",
				"@babel/register": "^7.4.4",
				"@babel/runtime": "^7.7.2",
				"@babel/runtime-corejs2": "^7.4.5",
				"@babel/traverse": "^7.5.5",
				"@loadable/babel-plugin": "^5.13.2",
				"@loadable/server": "^5.15.0",
				"@loadable/webpack-plugin": "^5.15.0",
				"@pmmmwh/react-refresh-webpack-plugin": "^0.5.6",
				"archiver": "1.3.0",
				"babel-eslint": "^10.1.0",
				"babel-jest": "^26.6.3",
				"babel-loader": "^8.3.0",
				"babel-plugin-dynamic-import-node-babel-7": "^2.0.7",
				"babel-plugin-formatjs": "10.4.0",
				"chalk": "^4.1.2",
				"commander": "^9.5.0",
				"compression": "1.7.4",
				"copy-webpack-plugin": "^9.1.0",
				"cross-env": "^5.2.1",
				"eslint": "7.32.0",
				"eslint-config-prettier": "4.3.0",
				"eslint-import-resolver-webpack": "0.13.2",
				"eslint-plugin-header": "^3.1.1",
				"eslint-plugin-import": "2.27.5",
				"eslint-plugin-jsx-a11y": "6.7.1",
				"eslint-plugin-prettier": "3.4.1",
				"eslint-plugin-react": "^7.32.2",
				"express": "^4.18.2",
				"fs-extra": "^10.1.0",
				"git-rev-sync": "^3.0.2",
				"glob": "7.2.3",
				"ignore-loader": "^0.1.2",
				"jest": "^26.6.3",
				"jest-cli": "^26.6.3",
				"jest-environment-jsdom": "^26.6.2",
				"jest-environment-jsdom-global": "^2.0.4",
				"jest-expect-message": "1.1.3",
				"jest-fetch-mock": "^2.1.2",
				"mime-types": "2.1.32",
				"minimatch": "7.4.2",
				"open": "^8.4.0",
				"prettier": "^2.8.3",
				"pwa-kit-runtime": "^2.8.0-dev.0",
				"react-refresh": "^0.13.0",
				"replace-in-file": "^6.2.0",
				"request": "^2.88.0",
				"require-from-string": "^2.0.2",
				"rimraf": "2.7.1",
				"speed-measure-webpack-plugin": "^1.5.0",
				"svg-sprite-loader": "^6.0.11",
				"validator": "^13.9.0",
				"watch": "1.0.2",
				"webpack": "^5.76.3",
				"webpack-bundle-analyzer": "^4.8.0",
				"webpack-cli": "^4.10.0",
				"webpack-dev-middleware": "^5.3.3",
				"webpack-hot-middleware": "^2.25.3",
				"webpack-hot-server-middleware": "^0.6.1",
				"webpack-notifier": "^1.15.0",
				"ws": "^8.13.0"
			},
			"bin": {
				"pwa-kit-dev": "bin/pwa-kit-dev.js"
			},
			"devDependencies": {
				"@loadable/component": "^5.15.0",
				"internal-lib-build": "^2.8.0-dev.0",
				"nock": "^13.1.1",
				"superagent": "^6.1.0",
				"supertest": "^4.0.2"
			},
			"engines": {
				"node": "^14.0.0 || ^16.0.0 || ^18.0.0",
				"npm": "^6.14.4 || ^7.0.0 || ^8.0.0 || ^9.0.0"
			},
			"peerDependencies": {
				"@loadable/component": "^5.15.0"
			}
		},
		"../pwa-kit-react-sdk/dist": {
			"name": "pwa-kit-react-sdk",
			"version": "2.8.0-dev.0",
			"extraneous": true,
			"license": "SEE LICENSE IN LICENSE",
			"dependencies": {
				"@loadable/babel-plugin": "^5.15.3",
				"@loadable/server": "^5.15.3",
				"@loadable/webpack-plugin": "^5.15.2",
				"@tanstack/react-query": "^4.28.0",
				"cross-env": "^5.2.1",
				"event-emitter": "^0.3.5",
				"hoist-non-react-statics": "^3.3.1",
				"prop-types": "^15.6.0",
				"pwa-kit-runtime": "^2.8.0-dev.0",
				"react-ssr-prepass": "^1.5.0",
				"react-uid": "^2.3.2",
				"serialize-javascript": "^6.0.1",
				"svg-sprite-loader": "^6.0.11",
				"watch": "1.0.2"
			},
			"devDependencies": {
				"@loadable/component": "^5.15.0",
				"@wojtekmaj/enzyme-adapter-react-17": "^0.6.6",
				"enzyme": "^3.8.0",
				"internal-lib-build": "^2.8.0-dev.0",
				"node-html-parser": "^3.3.4",
				"react": "^17.0.2",
				"react-dom": "^17.0.2",
				"react-helmet": "5.2.1",
				"react-router-dom": "^5.3.4",
				"regenerator-runtime": "^0.13.11",
				"sinon": "^13.0.2",
				"supertest": "^4.0.2"
			},
			"engines": {
				"node": "^14.0.0 || ^16.0.0 || ^18.0.0",
				"npm": "^6.14.4 || ^7.0.0 || ^8.0.0 || ^9.0.0"
			},
			"peerDependencies": {
				"@loadable/component": "^5.15.0",
				"react": ">=16.14 || <18",
				"react-dom": ">=16.14 || <18",
				"react-helmet": "6",
				"react-router-dom": "^5.1.2"
			}
		},
		"../pwa-kit-runtime/dist": {
			"name": "pwa-kit-runtime",
			"version": "2.8.0-dev.0",
			"extraneous": true,
			"license": "SEE LICENSE IN LICENSE",
			"dependencies": {
				"@loadable/babel-plugin": "^5.15.3",
				"aws-sdk": "^2.1340.0",
				"aws-serverless-express": "3.4.0",
				"cosmiconfig": "^7.1.0",
				"cross-env": "^5.2.1",
				"express": "^4.18.2",
				"header-case": "1.0.1",
				"http-proxy-middleware": "0.21.0",
				"merge-descriptors": "^1.0.1",
				"morgan": "^1.10.0",
				"semver": "^7.3.8",
				"set-cookie-parser": "^2.6.0",
				"ua-parser-js": "^1.0.34",
				"whatwg-encoding": "^1.0.5"
			},
			"devDependencies": {
				"@loadable/component": "^5.15.3",
				"@serverless/event-mocks": "^1.1.1",
				"aws-lambda-mock-context": "^3.2.1",
				"fs-extra": "^10.1.0",
				"internal-lib-build": "^2.8.0-dev.0",
				"nock": "^13.1.1",
				"sinon": "^13.0.1",
				"superagent": "^6.1.0",
				"supertest": "^4.0.2",
				"watch": "1.0.2"
			},
			"engines": {
				"node": "^14.0.0 || ^16.0.0 || ^18.0.0",
				"npm": "^6.14.4 || ^7.0.0 || ^8.0.0 || ^9.0.0"
			},
			"peerDependencies": {
				"pwa-kit-dev": "^2.8.0-dev.0"
			},
			"peerDependenciesMeta": {
				"pwa-kit-dev": {
					"optional": true
				}
			}
		},
		"node_modules/@babel/runtime": {
			"version": "7.21.0",
			"dev": true,
			"license": "MIT",
			"dependencies": {
				"regenerator-runtime": "^0.13.11"
			},
			"engines": {
				"node": ">=6.9.0"
			}
		},
		"node_modules/@loadable/component": {
			"version": "5.15.3",
			"dev": true,
			"license": "MIT",
			"dependencies": {
				"@babel/runtime": "^7.7.7",
				"hoist-non-react-statics": "^3.3.1",
				"react-is": "^16.12.0"
			},
			"engines": {
				"node": ">=8"
			},
			"funding": {
				"type": "github",
				"url": "https://github.com/sponsors/gregberge"
			},
			"peerDependencies": {
				"react": "^16.3.0 || ^17.0.0 || ^18.0.0"
			}
		},
		"node_modules/@tanstack/query-core": {
			"version": "4.27.0",
			"resolved": "https://registry.npmjs.org/@tanstack/query-core/-/query-core-4.27.0.tgz",
			"integrity": "sha512-sm+QncWaPmM73IPwFlmWSKPqjdTXZeFf/7aEmWh00z7yl2FjqophPt0dE1EHW9P1giMC5rMviv7OUbSDmWzXXA==",
			"dev": true,
			"funding": {
				"type": "github",
				"url": "https://github.com/sponsors/tannerlinsley"
			}
		},
		"node_modules/@tanstack/react-query": {
			"version": "4.28.0",
			"resolved": "https://registry.npmjs.org/@tanstack/react-query/-/react-query-4.28.0.tgz",
			"integrity": "sha512-8cGBV5300RHlvYdS4ea+G1JcZIt5CIuprXYFnsWggkmGoC0b5JaqG0fIX3qwDL9PTNkKvG76NGThIWbpXivMrQ==",
			"dev": true,
			"dependencies": {
				"@tanstack/query-core": "4.27.0",
				"use-sync-external-store": "^1.2.0"
			},
			"funding": {
				"type": "github",
				"url": "https://github.com/sponsors/tannerlinsley"
			},
			"peerDependencies": {
				"react": "^16.8.0 || ^17.0.0 || ^18.0.0",
				"react-dom": "^16.8.0 || ^17.0.0 || ^18.0.0",
				"react-native": "*"
			},
			"peerDependenciesMeta": {
				"react-dom": {
					"optional": true
				},
				"react-native": {
					"optional": true
				}
			}
		},
		"node_modules/@types/prop-types": {
			"version": "15.7.5",
			"dev": true,
			"license": "MIT"
		},
		"node_modules/@types/react": {
			"version": "17.0.53",
			"dev": true,
			"license": "MIT",
			"dependencies": {
				"@types/prop-types": "*",
				"@types/scheduler": "*",
				"csstype": "^3.0.2"
			}
		},
		"node_modules/@types/react-dom": {
			"version": "17.0.19",
			"dev": true,
			"license": "MIT",
			"dependencies": {
				"@types/react": "^17"
			}
		},
		"node_modules/@types/scheduler": {
			"version": "0.16.2",
			"dev": true,
			"license": "MIT"
		},
		"node_modules/csstype": {
			"version": "3.1.1",
			"dev": true,
			"license": "MIT"
		},
		"node_modules/history": {
			"version": "4.10.1",
			"dev": true,
			"license": "MIT",
			"dependencies": {
				"@babel/runtime": "^7.1.2",
				"loose-envify": "^1.2.0",
				"resolve-pathname": "^3.0.0",
				"tiny-invariant": "^1.0.2",
				"tiny-warning": "^1.0.0",
				"value-equal": "^1.0.1"
			}
		},
		"node_modules/hoist-non-react-statics": {
			"version": "3.3.2",
			"dev": true,
			"license": "BSD-3-Clause",
			"dependencies": {
				"react-is": "^16.7.0"
			}
		},
		"node_modules/isarray": {
			"version": "0.0.1",
			"dev": true,
			"license": "MIT"
		},
		"node_modules/js-tokens": {
			"version": "4.0.0",
			"dev": true,
			"license": "MIT"
		},
		"node_modules/loose-envify": {
			"version": "1.4.0",
			"dev": true,
			"license": "MIT",
			"dependencies": {
				"js-tokens": "^3.0.0 || ^4.0.0"
			},
			"bin": {
				"loose-envify": "cli.js"
			}
		},
		"node_modules/object-assign": {
			"version": "4.1.1",
			"dev": true,
			"license": "MIT",
			"engines": {
				"node": ">=0.10.0"
			}
		},
		"node_modules/path-to-regexp": {
			"version": "1.8.0",
			"dev": true,
			"license": "MIT",
			"dependencies": {
				"isarray": "0.0.1"
			}
		},
		"node_modules/prop-types": {
			"version": "15.8.1",
			"dev": true,
			"license": "MIT",
			"dependencies": {
				"loose-envify": "^1.4.0",
				"object-assign": "^4.1.1",
				"react-is": "^16.13.1"
			}
		},
		"node_modules/react": {
			"version": "17.0.2",
			"dev": true,
			"license": "MIT",
			"dependencies": {
				"loose-envify": "^1.1.0",
				"object-assign": "^4.1.1"
			},
			"engines": {
				"node": ">=0.10.0"
			}
		},
		"node_modules/react-dom": {
			"version": "17.0.2",
			"dev": true,
			"license": "MIT",
			"dependencies": {
				"loose-envify": "^1.1.0",
				"object-assign": "^4.1.1",
				"scheduler": "^0.20.2"
			},
			"peerDependencies": {
				"react": "17.0.2"
			}
		},
		"node_modules/react-fast-compare": {
			"version": "3.2.0",
			"dev": true,
			"license": "MIT"
		},
		"node_modules/react-helmet": {
			"version": "6.1.0",
			"dev": true,
			"license": "MIT",
			"dependencies": {
				"object-assign": "^4.1.1",
				"prop-types": "^15.7.2",
				"react-fast-compare": "^3.1.1",
				"react-side-effect": "^2.1.0"
			},
			"peerDependencies": {
				"react": ">=16.3.0"
			}
		},
		"node_modules/react-is": {
			"version": "16.13.1",
			"dev": true,
			"license": "MIT"
		},
		"node_modules/react-router": {
			"version": "5.3.4",
			"dev": true,
			"license": "MIT",
			"dependencies": {
				"@babel/runtime": "^7.12.13",
				"history": "^4.9.0",
				"hoist-non-react-statics": "^3.1.0",
				"loose-envify": "^1.3.1",
				"path-to-regexp": "^1.7.0",
				"prop-types": "^15.6.2",
				"react-is": "^16.6.0",
				"tiny-invariant": "^1.0.2",
				"tiny-warning": "^1.0.0"
			},
			"peerDependencies": {
				"react": ">=15"
			}
		},
		"node_modules/react-router-dom": {
			"version": "5.3.4",
			"dev": true,
			"license": "MIT",
			"dependencies": {
				"@babel/runtime": "^7.12.13",
				"history": "^4.9.0",
				"loose-envify": "^1.3.1",
				"prop-types": "^15.6.2",
				"react-router": "5.3.4",
				"tiny-invariant": "^1.0.2",
				"tiny-warning": "^1.0.0"
			},
			"peerDependencies": {
				"react": ">=15"
			}
		},
		"node_modules/react-side-effect": {
			"version": "2.1.2",
			"dev": true,
			"license": "MIT",
			"peerDependencies": {
				"react": "^16.3.0 || ^17.0.0 || ^18.0.0"
			}
		},
		"node_modules/regenerator-runtime": {
			"version": "0.13.11",
			"dev": true,
			"license": "MIT"
		},
		"node_modules/resolve-pathname": {
			"version": "3.0.0",
			"dev": true,
			"license": "MIT"
		},
		"node_modules/scheduler": {
			"version": "0.20.2",
			"dev": true,
			"license": "MIT",
			"dependencies": {
				"loose-envify": "^1.1.0",
				"object-assign": "^4.1.1"
			}
		},
		"node_modules/tiny-invariant": {
			"version": "1.3.1",
			"dev": true,
			"license": "MIT"
		},
		"node_modules/tiny-warning": {
			"version": "1.0.3",
			"dev": true,
			"license": "MIT"
		},
		"node_modules/use-sync-external-store": {
			"version": "1.2.0",
			"dev": true,
			"license": "MIT",
			"peerDependencies": {
				"react": "^16.8.0 || ^17.0.0 || ^18.0.0"
			}
		},
		"node_modules/value-equal": {
			"version": "1.0.1",
			"dev": true,
			"license": "MIT"
		}
	}
}
